// !$*UTF8*$!
{
	archiveVersion = 1;
	classes = {
	};
	objectVersion = 56;
	objects = {

/* Begin PBXBuildFile section */
		6DC989DE2A99AA22007BDCF5 /* ArchSandboxApp.swift in Sources */ = {isa = PBXBuildFile; fileRef = 6DC989DD2A99AA22007BDCF5 /* ArchSandboxApp.swift */; };
		6DC989E02A99AA22007BDCF5 /* ContentView.swift in Sources */ = {isa = PBXBuildFile; fileRef = 6DC989DF2A99AA22007BDCF5 /* ContentView.swift */; };
		6DC989E22A99AA24007BDCF5 /* Assets.xcassets in Resources */ = {isa = PBXBuildFile; fileRef = 6DC989E12A99AA24007BDCF5 /* Assets.xcassets */; };
		6DC989E52A99AA24007BDCF5 /* Preview Assets.xcassets in Resources */ = {isa = PBXBuildFile; fileRef = 6DC989E42A99AA24007BDCF5 /* Preview Assets.xcassets */; };
		6DC989EF2A99AA25007BDCF5 /* ArchSandboxTests.swift in Sources */ = {isa = PBXBuildFile; fileRef = 6DC989EE2A99AA25007BDCF5 /* ArchSandboxTests.swift */; };
		6DC989F92A99AA25007BDCF5 /* ArchSandboxUITests.swift in Sources */ = {isa = PBXBuildFile; fileRef = 6DC989F82A99AA25007BDCF5 /* ArchSandboxUITests.swift */; };
		6DC989FB2A99AA25007BDCF5 /* ArchSandboxUITestsLaunchTests.swift in Sources */ = {isa = PBXBuildFile; fileRef = 6DC989FA2A99AA25007BDCF5 /* ArchSandboxUITestsLaunchTests.swift */; };
/* End PBXBuildFile section */

/* Begin PBXContainerItemProxy section */
		6DC989EB2A99AA25007BDCF5 /* PBXContainerItemProxy */ = {
			isa = PBXContainerItemProxy;
			containerPortal = 6DC989D22A99AA22007BDCF5 /* Project object */;
			proxyType = 1;
			remoteGlobalIDString = 6DC989D92A99AA22007BDCF5;
			remoteInfo = ArchSandbox;
		};
		6DC989F52A99AA25007BDCF5 /* PBXContainerItemProxy */ = {
			isa = PBXContainerItemProxy;
			containerPortal = 6DC989D22A99AA22007BDCF5 /* Project object */;
			proxyType = 1;
			remoteGlobalIDString = 6DC989D92A99AA22007BDCF5;
			remoteInfo = ArchSandbox;
		};
/* End PBXContainerItemProxy section */

/* Begin PBXFileReference section */
		6DC989DA2A99AA22007BDCF5 /* ArchSandbox.app */ = {isa = PBXFileReference; explicitFileType = wrapper.application; includeInIndex = 0; path = ArchSandbox.app; sourceTree = BUILT_PRODUCTS_DIR; };
		6DC989DD2A99AA22007BDCF5 /* ArchSandboxApp.swift */ = {isa = PBXFileReference; lastKnownFileType = sourcecode.swift; path = ArchSandboxApp.swift; sourceTree = "<group>"; };
		6DC989DF2A99AA22007BDCF5 /* ContentView.swift */ = {isa = PBXFileReference; lastKnownFileType = sourcecode.swift; path = ContentView.swift; sourceTree = "<group>"; };
		6DC989E12A99AA24007BDCF5 /* Assets.xcassets */ = {isa = PBXFileReference; lastKnownFileType = folder.assetcatalog; path = Assets.xcassets; sourceTree = "<group>"; };
		6DC989E42A99AA24007BDCF5 /* Preview Assets.xcassets */ = {isa = PBXFileReference; lastKnownFileType = folder.assetcatalog; path = "Preview Assets.xcassets"; sourceTree = "<group>"; };
		6DC989EA2A99AA25007BDCF5 /* ArchSandboxTests.xctest */ = {isa = PBXFileReference; explicitFileType = wrapper.cfbundle; includeInIndex = 0; path = ArchSandboxTests.xctest; sourceTree = BUILT_PRODUCTS_DIR; };
		6DC989EE2A99AA25007BDCF5 /* ArchSandboxTests.swift */ = {isa = PBXFileReference; lastKnownFileType = sourcecode.swift; path = ArchSandboxTests.swift; sourceTree = "<group>"; };
		6DC989F42A99AA25007BDCF5 /* ArchSandboxUITests.xctest */ = {isa = PBXFileReference; explicitFileType = wrapper.cfbundle; includeInIndex = 0; path = ArchSandboxUITests.xctest; sourceTree = BUILT_PRODUCTS_DIR; };
		6DC989F82A99AA25007BDCF5 /* ArchSandboxUITests.swift */ = {isa = PBXFileReference; lastKnownFileType = sourcecode.swift; path = ArchSandboxUITests.swift; sourceTree = "<group>"; };
		6DC989FA2A99AA25007BDCF5 /* ArchSandboxUITestsLaunchTests.swift */ = {isa = PBXFileReference; lastKnownFileType = sourcecode.swift; path = ArchSandboxUITestsLaunchTests.swift; sourceTree = "<group>"; };
/* End PBXFileReference section */

/* Begin PBXFrameworksBuildPhase section */
		6DC989D72A99AA22007BDCF5 /* Frameworks */ = {
			isa = PBXFrameworksBuildPhase;
			buildActionMask = 2147483647;
			files = (
			);
			runOnlyForDeploymentPostprocessing = 0;
		};
		6DC989E72A99AA25007BDCF5 /* Frameworks */ = {
			isa = PBXFrameworksBuildPhase;
			buildActionMask = 2147483647;
			files = (
			);
			runOnlyForDeploymentPostprocessing = 0;
		};
		6DC989F12A99AA25007BDCF5 /* Frameworks */ = {
			isa = PBXFrameworksBuildPhase;
			buildActionMask = 2147483647;
			files = (
			);
			runOnlyForDeploymentPostprocessing = 0;
		};
/* End PBXFrameworksBuildPhase section */

/* Begin PBXGroup section */
		6DC989D12A99AA22007BDCF5 = {
			isa = PBXGroup;
			children = (
				6DC989DC2A99AA22007BDCF5 /* ArchSandbox */,
				6DC989ED2A99AA25007BDCF5 /* ArchSandboxTests */,
				6DC989F72A99AA25007BDCF5 /* ArchSandboxUITests */,
				6DC989DB2A99AA22007BDCF5 /* Products */,
			);
			sourceTree = "<group>";
		};
		6DC989DB2A99AA22007BDCF5 /* Products */ = {
			isa = PBXGroup;
			children = (
				6DC989DA2A99AA22007BDCF5 /* ArchSandbox.app */,
				6DC989EA2A99AA25007BDCF5 /* ArchSandboxTests.xctest */,
				6DC989F42A99AA25007BDCF5 /* ArchSandboxUITests.xctest */,
			);
			name = Products;
			sourceTree = "<group>";
		};
		6DC989DC2A99AA22007BDCF5 /* ArchSandbox */ = {
			isa = PBXGroup;
			children = (
				6DC989DD2A99AA22007BDCF5 /* ArchSandboxApp.swift */,
				6DC989DF2A99AA22007BDCF5 /* ContentView.swift */,
				6DC989E12A99AA24007BDCF5 /* Assets.xcassets */,
				6DC989E32A99AA24007BDCF5 /* Preview Content */,
			);
			path = ArchSandbox;
			sourceTree = "<group>";
		};
		6DC989E32A99AA24007BDCF5 /* Preview Content */ = {
			isa = PBXGroup;
			children = (
				6DC989E42A99AA24007BDCF5 /* Preview Assets.xcassets */,
			);
			path = "Preview Content";
			sourceTree = "<group>";
		};
		6DC989ED2A99AA25007BDCF5 /* ArchSandboxTests */ = {
			isa = PBXGroup;
			children = (
				6DC989EE2A99AA25007BDCF5 /* ArchSandboxTests.swift */,
			);
			path = ArchSandboxTests;
			sourceTree = "<group>";
		};
		6DC989F72A99AA25007BDCF5 /* ArchSandboxUITests */ = {
			isa = PBXGroup;
			children = (
				6DC989F82A99AA25007BDCF5 /* ArchSandboxUITests.swift */,
				6DC989FA2A99AA25007BDCF5 /* ArchSandboxUITestsLaunchTests.swift */,
			);
			path = ArchSandboxUITests;
			sourceTree = "<group>";
		};
/* End PBXGroup section */

/* Begin PBXNativeTarget section */
		6DC989D92A99AA22007BDCF5 /* ArchSandbox */ = {
			isa = PBXNativeTarget;
			buildConfigurationList = 6DC989FE2A99AA25007BDCF5 /* Build configuration list for PBXNativeTarget "ArchSandbox" */;
			buildPhases = (
				6DC989D62A99AA22007BDCF5 /* Sources */,
				6DC989D72A99AA22007BDCF5 /* Frameworks */,
				6DC989D82A99AA22007BDCF5 /* Resources */,
			);
			buildRules = (
			);
			dependencies = (
			);
			name = ArchSandbox;
			productName = ArchSandbox;
			productReference = 6DC989DA2A99AA22007BDCF5 /* ArchSandbox.app */;
			productType = "com.apple.product-type.application";
		};
		6DC989E92A99AA25007BDCF5 /* ArchSandboxTests */ = {
			isa = PBXNativeTarget;
			buildConfigurationList = 6DC98A012A99AA25007BDCF5 /* Build configuration list for PBXNativeTarget "ArchSandboxTests" */;
			buildPhases = (
				6DC989E62A99AA25007BDCF5 /* Sources */,
				6DC989E72A99AA25007BDCF5 /* Frameworks */,
				6DC989E82A99AA25007BDCF5 /* Resources */,
			);
			buildRules = (
			);
			dependencies = (
				6DC989EC2A99AA25007BDCF5 /* PBXTargetDependency */,
			);
			name = ArchSandboxTests;
			productName = ArchSandboxTests;
			productReference = 6DC989EA2A99AA25007BDCF5 /* ArchSandboxTests.xctest */;
			productType = "com.apple.product-type.bundle.unit-test";
		};
		6DC989F32A99AA25007BDCF5 /* ArchSandboxUITests */ = {
			isa = PBXNativeTarget;
			buildConfigurationList = 6DC98A042A99AA25007BDCF5 /* Build configuration list for PBXNativeTarget "ArchSandboxUITests" */;
			buildPhases = (
				6DC989F02A99AA25007BDCF5 /* Sources */,
				6DC989F12A99AA25007BDCF5 /* Frameworks */,
				6DC989F22A99AA25007BDCF5 /* Resources */,
			);
			buildRules = (
			);
			dependencies = (
				6DC989F62A99AA25007BDCF5 /* PBXTargetDependency */,
			);
			name = ArchSandboxUITests;
			productName = ArchSandboxUITests;
			productReference = 6DC989F42A99AA25007BDCF5 /* ArchSandboxUITests.xctest */;
			productType = "com.apple.product-type.bundle.ui-testing";
		};
/* End PBXNativeTarget section */

/* Begin PBXProject section */
		6DC989D22A99AA22007BDCF5 /* Project object */ = {
			isa = PBXProject;
			attributes = {
				BuildIndependentTargetsInParallel = 1;
				LastSwiftUpdateCheck = 1430;
				LastUpgradeCheck = 1430;
				TargetAttributes = {
					6DC989D92A99AA22007BDCF5 = {
						CreatedOnToolsVersion = 14.3.1;
					};
					6DC989E92A99AA25007BDCF5 = {
						CreatedOnToolsVersion = 14.3.1;
						TestTargetID = 6DC989D92A99AA22007BDCF5;
					};
					6DC989F32A99AA25007BDCF5 = {
						CreatedOnToolsVersion = 14.3.1;
						TestTargetID = 6DC989D92A99AA22007BDCF5;
					};
				};
			};
			buildConfigurationList = 6DC989D52A99AA22007BDCF5 /* Build configuration list for PBXProject "ArchSandbox" */;
			compatibilityVersion = "Xcode 14.0";
			developmentRegion = en;
			hasScannedForEncodings = 0;
			knownRegions = (
				en,
				Base,
			);
			mainGroup = 6DC989D12A99AA22007BDCF5;
			productRefGroup = 6DC989DB2A99AA22007BDCF5 /* Products */;
			projectDirPath = "";
			projectRoot = "";
			targets = (
				6DC989D92A99AA22007BDCF5 /* ArchSandbox */,
				6DC989E92A99AA25007BDCF5 /* ArchSandboxTests */,
				6DC989F32A99AA25007BDCF5 /* ArchSandboxUITests */,
			);
		};
/* End PBXProject section */

/* Begin PBXResourcesBuildPhase section */
		6DC989D82A99AA22007BDCF5 /* Resources */ = {
			isa = PBXResourcesBuildPhase;
			buildActionMask = 2147483647;
			files = (
				6DC989E52A99AA24007BDCF5 /* Preview Assets.xcassets in Resources */,
				6DC989E22A99AA24007BDCF5 /* Assets.xcassets in Resources */,
			);
			runOnlyForDeploymentPostprocessing = 0;
		};
		6DC989E82A99AA25007BDCF5 /* Resources */ = {
			isa = PBXResourcesBuildPhase;
			buildActionMask = 2147483647;
			files = (
			);
			runOnlyForDeploymentPostprocessing = 0;
		};
		6DC989F22A99AA25007BDCF5 /* Resources */ = {
			isa = PBXResourcesBuildPhase;
			buildActionMask = 2147483647;
			files = (
			);
			runOnlyForDeploymentPostprocessing = 0;
		};
/* End PBXResourcesBuildPhase section */

/* Begin PBXSourcesBuildPhase section */
		6DC989D62A99AA22007BDCF5 /* Sources */ = {
			isa = PBXSourcesBuildPhase;
			buildActionMask = 2147483647;
			files = (
				6DC989E02A99AA22007BDCF5 /* ContentView.swift in Sources */,
				6DC989DE2A99AA22007BDCF5 /* ArchSandboxApp.swift in Sources */,
			);
			runOnlyForDeploymentPostprocessing = 0;
		};
		6DC989E62A99AA25007BDCF5 /* Sources */ = {
			isa = PBXSourcesBuildPhase;
			buildActionMask = 2147483647;
			files = (
				6DC989EF2A99AA25007BDCF5 /* ArchSandboxTests.swift in Sources */,
			);
			runOnlyForDeploymentPostprocessing = 0;
		};
		6DC989F02A99AA25007BDCF5 /* Sources */ = {
			isa = PBXSourcesBuildPhase;
			buildActionMask = 2147483647;
			files = (
				6DC989FB2A99AA25007BDCF5 /* ArchSandboxUITestsLaunchTests.swift in Sources */,
				6DC989F92A99AA25007BDCF5 /* ArchSandboxUITests.swift in Sources */,
			);
			runOnlyForDeploymentPostprocessing = 0;
		};
/* End PBXSourcesBuildPhase section */

/* Begin PBXTargetDependency section */
		6DC989EC2A99AA25007BDCF5 /* PBXTargetDependency */ = {
			isa = PBXTargetDependency;
			target = 6DC989D92A99AA22007BDCF5 /* ArchSandbox */;
			targetProxy = 6DC989EB2A99AA25007BDCF5 /* PBXContainerItemProxy */;
		};
		6DC989F62A99AA25007BDCF5 /* PBXTargetDependency */ = {
			isa = PBXTargetDependency;
			target = 6DC989D92A99AA22007BDCF5 /* ArchSandbox */;
			targetProxy = 6DC989F52A99AA25007BDCF5 /* PBXContainerItemProxy */;
		};
/* End PBXTargetDependency section */

/* Begin XCBuildConfiguration section */
		6DC989FC2A99AA25007BDCF5 /* Debug */ = {
			isa = XCBuildConfiguration;
			buildSettings = {
				ALWAYS_SEARCH_USER_PATHS = NO;
				CLANG_ANALYZER_NONNULL = YES;
				CLANG_ANALYZER_NUMBER_OBJECT_CONVERSION = YES_AGGRESSIVE;
				CLANG_CXX_LANGUAGE_STANDARD = "gnu++20";
				CLANG_ENABLE_MODULES = YES;
				CLANG_ENABLE_OBJC_ARC = YES;
				CLANG_ENABLE_OBJC_WEAK = YES;
				CLANG_WARN_BLOCK_CAPTURE_AUTORELEASING = YES;
				CLANG_WARN_BOOL_CONVERSION = YES;
				CLANG_WARN_COMMA = YES;
				CLANG_WARN_CONSTANT_CONVERSION = YES;
				CLANG_WARN_DEPRECATED_OBJC_IMPLEMENTATIONS = YES;
				CLANG_WARN_DIRECT_OBJC_ISA_USAGE = YES_ERROR;
				CLANG_WARN_DOCUMENTATION_COMMENTS = YES;
				CLANG_WARN_EMPTY_BODY = YES;
				CLANG_WARN_ENUM_CONVERSION = YES;
				CLANG_WARN_INFINITE_RECURSION = YES;
				CLANG_WARN_INT_CONVERSION = YES;
				CLANG_WARN_NON_LITERAL_NULL_CONVERSION = YES;
				CLANG_WARN_OBJC_IMPLICIT_RETAIN_SELF = YES;
				CLANG_WARN_OBJC_LITERAL_CONVERSION = YES;
				CLANG_WARN_OBJC_ROOT_CLASS = YES_ERROR;
				CLANG_WARN_QUOTED_INCLUDE_IN_FRAMEWORK_HEADER = YES;
				CLANG_WARN_RANGE_LOOP_ANALYSIS = YES;
				CLANG_WARN_STRICT_PROTOTYPES = YES;
				CLANG_WARN_SUSPICIOUS_MOVE = YES;
				CLANG_WARN_UNGUARDED_AVAILABILITY = YES_AGGRESSIVE;
				CLANG_WARN_UNREACHABLE_CODE = YES;
				CLANG_WARN__DUPLICATE_METHOD_MATCH = YES;
				COPY_PHASE_STRIP = NO;
				DEBUG_INFORMATION_FORMAT = dwarf;
				ENABLE_STRICT_OBJC_MSGSEND = YES;
				ENABLE_TESTABILITY = YES;
				GCC_C_LANGUAGE_STANDARD = gnu11;
				GCC_DYNAMIC_NO_PIC = NO;
				GCC_NO_COMMON_BLOCKS = YES;
				GCC_OPTIMIZATION_LEVEL = 0;
				GCC_PREPROCESSOR_DEFINITIONS = (
					"DEBUG=1",
					"$(inherited)",
				);
				GCC_WARN_64_TO_32_BIT_CONVERSION = YES;
				GCC_WARN_ABOUT_RETURN_TYPE = YES_ERROR;
				GCC_WARN_UNDECLARED_SELECTOR = YES;
				GCC_WARN_UNINITIALIZED_AUTOS = YES_AGGRESSIVE;
				GCC_WARN_UNUSED_FUNCTION = YES;
				GCC_WARN_UNUSED_VARIABLE = YES;
				IPHONEOS_DEPLOYMENT_TARGET = 16.4;
				MTL_ENABLE_DEBUG_INFO = INCLUDE_SOURCE;
				MTL_FAST_MATH = YES;
				ONLY_ACTIVE_ARCH = YES;
				SDKROOT = iphoneos;
				SWIFT_ACTIVE_COMPILATION_CONDITIONS = DEBUG;
				SWIFT_OPTIMIZATION_LEVEL = "-Onone";
			};
			name = Debug;
		};
		6DC989FD2A99AA25007BDCF5 /* Release */ = {
			isa = XCBuildConfiguration;
			buildSettings = {
				ALWAYS_SEARCH_USER_PATHS = NO;
				CLANG_ANALYZER_NONNULL = YES;
				CLANG_ANALYZER_NUMBER_OBJECT_CONVERSION = YES_AGGRESSIVE;
				CLANG_CXX_LANGUAGE_STANDARD = "gnu++20";
				CLANG_ENABLE_MODULES = YES;
				CLANG_ENABLE_OBJC_ARC = YES;
				CLANG_ENABLE_OBJC_WEAK = YES;
				CLANG_WARN_BLOCK_CAPTURE_AUTORELEASING = YES;
				CLANG_WARN_BOOL_CONVERSION = YES;
				CLANG_WARN_COMMA = YES;
				CLANG_WARN_CONSTANT_CONVERSION = YES;
				CLANG_WARN_DEPRECATED_OBJC_IMPLEMENTATIONS = YES;
				CLANG_WARN_DIRECT_OBJC_ISA_USAGE = YES_ERROR;
				CLANG_WARN_DOCUMENTATION_COMMENTS = YES;
				CLANG_WARN_EMPTY_BODY = YES;
				CLANG_WARN_ENUM_CONVERSION = YES;
				CLANG_WARN_INFINITE_RECURSION = YES;
				CLANG_WARN_INT_CONVERSION = YES;
				CLANG_WARN_NON_LITERAL_NULL_CONVERSION = YES;
				CLANG_WARN_OBJC_IMPLICIT_RETAIN_SELF = YES;
				CLANG_WARN_OBJC_LITERAL_CONVERSION = YES;
				CLANG_WARN_OBJC_ROOT_CLASS = YES_ERROR;
				CLANG_WARN_QUOTED_INCLUDE_IN_FRAMEWORK_HEADER = YES;
				CLANG_WARN_RANGE_LOOP_ANALYSIS = YES;
				CLANG_WARN_STRICT_PROTOTYPES = YES;
				CLANG_WARN_SUSPICIOUS_MOVE = YES;
				CLANG_WARN_UNGUARDED_AVAILABILITY = YES_AGGRESSIVE;
				CLANG_WARN_UNREACHABLE_CODE = YES;
				CLANG_WARN__DUPLICATE_METHOD_MATCH = YES;
				COPY_PHASE_STRIP = NO;
				DEBUG_INFORMATION_FORMAT = "dwarf-with-dsym";
				ENABLE_NS_ASSERTIONS = NO;
				ENABLE_STRICT_OBJC_MSGSEND = YES;
				GCC_C_LANGUAGE_STANDARD = gnu11;
				GCC_NO_COMMON_BLOCKS = YES;
				GCC_WARN_64_TO_32_BIT_CONVERSION = YES;
				GCC_WARN_ABOUT_RETURN_TYPE = YES_ERROR;
				GCC_WARN_UNDECLARED_SELECTOR = YES;
				GCC_WARN_UNINITIALIZED_AUTOS = YES_AGGRESSIVE;
				GCC_WARN_UNUSED_FUNCTION = YES;
				GCC_WARN_UNUSED_VARIABLE = YES;
				IPHONEOS_DEPLOYMENT_TARGET = 16.4;
				MTL_ENABLE_DEBUG_INFO = NO;
				MTL_FAST_MATH = YES;
				SDKROOT = iphoneos;
				SWIFT_COMPILATION_MODE = wholemodule;
				SWIFT_OPTIMIZATION_LEVEL = "-O";
				VALIDATE_PRODUCT = YES;
			};
			name = Release;
		};
		6DC989FF2A99AA25007BDCF5 /* Debug */ = {
			isa = XCBuildConfiguration;
			buildSettings = {
				ASSETCATALOG_COMPILER_APPICON_NAME = AppIcon;
				ASSETCATALOG_COMPILER_GLOBAL_ACCENT_COLOR_NAME = AccentColor;
				CODE_SIGN_STYLE = Automatic;
				CURRENT_PROJECT_VERSION = 1;
				DEVELOPMENT_ASSET_PATHS = "\"ArchSandbox/Preview Content\"";
				ENABLE_PREVIEWS = YES;
				GENERATE_INFOPLIST_FILE = YES;
				INFOPLIST_KEY_UIApplicationSceneManifest_Generation = YES;
				INFOPLIST_KEY_UIApplicationSupportsIndirectInputEvents = YES;
				INFOPLIST_KEY_UILaunchScreen_Generation = YES;
				INFOPLIST_KEY_UISupportedInterfaceOrientations_iPad = "UIInterfaceOrientationPortrait UIInterfaceOrientationPortraitUpsideDown UIInterfaceOrientationLandscapeLeft UIInterfaceOrientationLandscapeRight";
				INFOPLIST_KEY_UISupportedInterfaceOrientations_iPhone = "UIInterfaceOrientationPortrait UIInterfaceOrientationLandscapeLeft UIInterfaceOrientationLandscapeRight";
				LD_RUNPATH_SEARCH_PATHS = (
					"$(inherited)",
					"@executable_path/Frameworks",
				);
				MARKETING_VERSION = 1.0;
				PRODUCT_BUNDLE_IDENTIFIER = nda.ArchSandbox;
				PRODUCT_NAME = "$(TARGET_NAME)";
				SWIFT_EMIT_LOC_STRINGS = YES;
				SWIFT_VERSION = 5.0;
				TARGETED_DEVICE_FAMILY = "1,2";
			};
			name = Debug;
		};
		6DC98A002A99AA25007BDCF5 /* Release */ = {
			isa = XCBuildConfiguration;
			buildSettings = {
				ASSETCATALOG_COMPILER_APPICON_NAME = AppIcon;
				ASSETCATALOG_COMPILER_GLOBAL_ACCENT_COLOR_NAME = AccentColor;
				CODE_SIGN_STYLE = Automatic;
				CURRENT_PROJECT_VERSION = 1;
				DEVELOPMENT_ASSET_PATHS = "\"ArchSandbox/Preview Content\"";
				ENABLE_PREVIEWS = YES;
				GENERATE_INFOPLIST_FILE = YES;
				INFOPLIST_KEY_UIApplicationSceneManifest_Generation = YES;
				INFOPLIST_KEY_UIApplicationSupportsIndirectInputEvents = YES;
				INFOPLIST_KEY_UILaunchScreen_Generation = YES;
				INFOPLIST_KEY_UISupportedInterfaceOrientations_iPad = "UIInterfaceOrientationPortrait UIInterfaceOrientationPortraitUpsideDown UIInterfaceOrientationLandscapeLeft UIInterfaceOrientationLandscapeRight";
				INFOPLIST_KEY_UISupportedInterfaceOrientations_iPhone = "UIInterfaceOrientationPortrait UIInterfaceOrientationLandscapeLeft UIInterfaceOrientationLandscapeRight";
				LD_RUNPATH_SEARCH_PATHS = (
					"$(inherited)",
					"@executable_path/Frameworks",
				);
				MARKETING_VERSION = 1.0;
				PRODUCT_BUNDLE_IDENTIFIER = nda.ArchSandbox;
				PRODUCT_NAME = "$(TARGET_NAME)";
				SWIFT_EMIT_LOC_STRINGS = YES;
				SWIFT_VERSION = 5.0;
				TARGETED_DEVICE_FAMILY = "1,2";
			};
			name = Release;
		};
		6DC98A022A99AA25007BDCF5 /* Debug */ = {
			isa = XCBuildConfiguration;
			buildSettings = {
				ALWAYS_EMBED_SWIFT_STANDARD_LIBRARIES = YES;
				BUNDLE_LOADER = "$(TEST_HOST)";
				CODE_SIGN_STYLE = Automatic;
				CURRENT_PROJECT_VERSION = 1;
				GENERATE_INFOPLIST_FILE = YES;
				IPHONEOS_DEPLOYMENT_TARGET = 16.4;
				MARKETING_VERSION = 1.0;
				PRODUCT_BUNDLE_IDENTIFIER = nda.ArchSandboxTests;
				PRODUCT_NAME = "$(TARGET_NAME)";
				SWIFT_EMIT_LOC_STRINGS = NO;
				SWIFT_VERSION = 5.0;
				TARGETED_DEVICE_FAMILY = "1,2";
				TEST_HOST = "$(BUILT_PRODUCTS_DIR)/ArchSandbox.app/$(BUNDLE_EXECUTABLE_FOLDER_PATH)/ArchSandbox";
			};
			name = Debug;
		};
		6DC98A032A99AA25007BDCF5 /* Release */ = {
			isa = XCBuildConfiguration;
			buildSettings = {
				ALWAYS_EMBED_SWIFT_STANDARD_LIBRARIES = YES;
				BUNDLE_LOADER = "$(TEST_HOST)";
				CODE_SIGN_STYLE = Automatic;
				CURRENT_PROJECT_VERSION = 1;
				GENERATE_INFOPLIST_FILE = YES;
				IPHONEOS_DEPLOYMENT_TARGET = 16.4;
				MARKETING_VERSION = 1.0;
				PRODUCT_BUNDLE_IDENTIFIER = nda.ArchSandboxTests;
				PRODUCT_NAME = "$(TARGET_NAME)";
				SWIFT_EMIT_LOC_STRINGS = NO;
				SWIFT_VERSION = 5.0;
				TARGETED_DEVICE_FAMILY = "1,2";
				TEST_HOST = "$(BUILT_PRODUCTS_DIR)/ArchSandbox.app/$(BUNDLE_EXECUTABLE_FOLDER_PATH)/ArchSandbox";
			};
			name = Release;
		};
		6DC98A052A99AA25007BDCF5 /* Debug */ = {
			isa = XCBuildConfiguration;
			buildSettings = {
				ALWAYS_EMBED_SWIFT_STANDARD_LIBRARIES = YES;
				CODE_SIGN_STYLE = Automatic;
				CURRENT_PROJECT_VERSION = 1;
				GENERATE_INFOPLIST_FILE = YES;
				MARKETING_VERSION = 1.0;
				PRODUCT_BUNDLE_IDENTIFIER = nda.ArchSandboxUITests;
				PRODUCT_NAME = "$(TARGET_NAME)";
				SWIFT_EMIT_LOC_STRINGS = NO;
				SWIFT_VERSION = 5.0;
				TARGETED_DEVICE_FAMILY = "1,2";
				TEST_TARGET_NAME = ArchSandbox;
			};
			name = Debug;
		};
		6DC98A062A99AA25007BDCF5 /* Release */ = {
			isa = XCBuildConfiguration;
			buildSettings = {
				ALWAYS_EMBED_SWIFT_STANDARD_LIBRARIES = YES;
				CODE_SIGN_STYLE = Automatic;
				CURRENT_PROJECT_VERSION = 1;
				GENERATE_INFOPLIST_FILE = YES;
				MARKETING_VERSION = 1.0;
				PRODUCT_BUNDLE_IDENTIFIER = nda.ArchSandboxUITests;
				PRODUCT_NAME = "$(TARGET_NAME)";
				SWIFT_EMIT_LOC_STRINGS = NO;
				SWIFT_VERSION = 5.0;
				TARGETED_DEVICE_FAMILY = "1,2";
				TEST_TARGET_NAME = ArchSandbox;
			};
			name = Release;
		};
/* End XCBuildConfiguration section */

/* Begin XCConfigurationList section */
		6DC989D52A99AA22007BDCF5 /* Build configuration list for PBXProject "ArchSandbox" */ = {
			isa = XCConfigurationList;
			buildConfigurations = (
				6DC989FC2A99AA25007BDCF5 /* Debug */,
				6DC989FD2A99AA25007BDCF5 /* Release */,
			);
			defaultConfigurationIsVisible = 0;
			defaultConfigurationName = Release;
		};
		6DC989FE2A99AA25007BDCF5 /* Build configuration list for PBXNativeTarget "ArchSandbox" */ = {
			isa = XCConfigurationList;
			buildConfigurations = (
				6DC989FF2A99AA25007BDCF5 /* Debug */,
				6DC98A002A99AA25007BDCF5 /* Release */,
			);
			defaultConfigurationIsVisible = 0;
			defaultConfigurationName = Release;
		};
		6DC98A012A99AA25007BDCF5 /* Build configuration list for PBXNativeTarget "ArchSandboxTests" */ = {
			isa = XCConfigurationList;
			buildConfigurations = (
				6DC98A022A99AA25007BDCF5 /* Debug */,
				6DC98A032A99AA25007BDCF5 /* Release */,
			);
			defaultConfigurationIsVisible = 0;
			defaultConfigurationName = Release;
		};
		6DC98A042A99AA25007BDCF5 /* Build configuration list for PBXNativeTarget "ArchSandboxUITests" */ = {
			isa = XCConfigurationList;
			buildConfigurations = (
				6DC98A052A99AA25007BDCF5 /* Debug */,
				6DC98A062A99AA25007BDCF5 /* Release */,
			);
			defaultConfigurationIsVisible = 0;
			defaultConfigurationName = Release;
		};
/* End XCConfigurationList section */
	};
	rootObject = 6DC989D22A99AA22007BDCF5 /* Project object */;
}
